lockfile_version: '1'
generated_at: '2026-03-07T12:33:53.274956+00:00'
apm_version: 0.7.4
dependencies:
- repo_url: VladimirCro/spec2gcp-guidelines
  host: github.com
  resolved_commit: 420143c8beca01517452e14bf7cc5e6c32c1e291
- repo_url: VladimirCro/spec2gcp-guidelines-backend
  host: github.com
  resolved_commit: 512d55e26b6f9a28b07ce4981a1c72b464dc87bd
- repo_url: VladimirCro/spec2gcp-guidelines-frontend
  host: github.com
  resolved_commit: 9ca942db0188875489c6268eb91e1ead1242036c
